// !$*UTF8*$!
{
	archiveVersion = 1;
	classes = {
	};
	objectVersion = 48;
	objects = {

/* Begin PBXBuildFile section */
		652B07691FEBFA7800C17874 /* AppDelegate.swift in Sources */ = {isa = PBXBuildFile; fileRef = 652B07681FEBFA7800C17874 /* AppDelegate.swift */; };
		652B076B1FEBFA7800C17874 /* ViewController.swift in Sources */ = {isa = PBXBuildFile; fileRef = 652B076A1FEBFA7800C17874 /* ViewController.swift */; };
		652B076E1FEBFA7800C17874 /* Main.storyboard in Resources */ = {isa = PBXBuildFile; fileRef = 652B076C1FEBFA7800C17874 /* Main.storyboard */; };
		652B07701FEBFA7800C17874 /* Assets.xcassets in Resources */ = {isa = PBXBuildFile; fileRef = 652B076F1FEBFA7800C17874 /* Assets.xcassets */; };
		652B07731FEBFA7800C17874 /* LaunchScreen.storyboard in Resources */ = {isa = PBXBuildFile; fileRef = 652B07711FEBFA7800C17874 /* LaunchScreen.storyboard */; };
		652B077E1FEBFA7900C17874 /* ExampleTests.swift in Sources */ = {isa = PBXBuildFile; fileRef = 652B077D1FEBFA7900C17874 /* ExampleTests.swift */; };
		652B07921FEC123500C17874 /* Lazy.swift in Sources */ = {isa = PBXBuildFile; fileRef = 652B07911FEC123500C17874 /* Lazy.swift */; };
/* End PBXBuildFile section */

/* Begin PBXContainerItemProxy section */
		652B077A1FEBFA7900C17874 /* PBXContainerItemProxy */ = {
			isa = PBXContainerItemProxy;
			containerPortal = 652B075D1FEBFA7800C17874 /* Project object */;
			proxyType = 1;
			remoteGlobalIDString = 652B07641FEBFA7800C17874;
			remoteInfo = Example;
		};
/* End PBXContainerItemProxy section */

/* Begin PBXFileReference section */
		652B07651FEBFA7800C17874 /* Example.app */ = {isa = PBXFileReference; explicitFileType = wrapper.application; includeInIndex = 0; path = Example.app; sourceTree = BUILT_PRODUCTS_DIR; };
		652B07681FEBFA7800C17874 /* AppDelegate.swift */ = {isa = PBXFileReference; lastKnownFileType = sourcecode.swift; path = AppDelegate.swift; sourceTree = "<group>"; };
		652B076A1FEBFA7800C17874 /* ViewController.swift */ = {isa = PBXFileReference; lastKnownFileType = sourcecode.swift; path = ViewController.swift; sourceTree = "<group>"; };
		652B076D1FEBFA7800C17874 /* Base */ = {isa = PBXFileReference; lastKnownFileType = file.storyboard; name = Base; path = Base.lproj/Main.storyboard; sourceTree = "<group>"; };
		652B076F1FEBFA7800C17874 /* Assets.xcassets */ = {isa = PBXFileReference; lastKnownFileType = folder.assetcatalog; path = Assets.xcassets; sourceTree = "<group>"; };
		652B07721FEBFA7800C17874 /* Base */ = {isa = PBXFileReference; lastKnownFileType = file.storyboard; name = Base; path = Base.lproj/LaunchScreen.storyboard; sourceTree = "<group>"; };
		652B07741FEBFA7800C17874 /* Info.plist */ = {isa = PBXFileReference; lastKnownFileType = text.plist.xml; path = Info.plist; sourceTree = "<group>"; };
		652B07791FEBFA7900C17874 /* ExampleTests.xctest */ = {isa = PBXFileReference; explicitFileType = wrapper.cfbundle; includeInIndex = 0; path = ExampleTests.xctest; sourceTree = BUILT_PRODUCTS_DIR; };
		652B077D1FEBFA7900C17874 /* ExampleTests.swift */ = {isa = PBXFileReference; lastKnownFileType = sourcecode.swift; path = ExampleTests.swift; sourceTree = "<group>"; };
		652B077F1FEBFA7900C17874 /* Info.plist */ = {isa = PBXFileReference; lastKnownFileType = text.plist.xml; path = Info.plist; sourceTree = "<group>"; };
		652B07881FEBFA8400C17874 /* README.md */ = {isa = PBXFileReference; lastKnownFileType = net.daringfireball.markdown; name = README.md; path = ../README.md; sourceTree = "<group>"; };
		652B078D1FEBFAFD00C17874 /* LICENSE */ = {isa = PBXFileReference; lastKnownFileType = text; name = LICENSE; path = ../../BLLogger/LICENSE; sourceTree = "<group>"; };
		652B07911FEC123500C17874 /* Lazy.swift */ = {isa = PBXFileReference; fileEncoding = 4; lastKnownFileType = sourcecode.swift; path = Lazy.swift; sourceTree = "<group>"; };
/* End PBXFileReference section */

/* Begin PBXFrameworksBuildPhase section */
		652B07621FEBFA7800C17874 /* Frameworks */ = {
			isa = PBXFrameworksBuildPhase;
			buildActionMask = 2147483647;
			files = (
			);
			runOnlyForDeploymentPostprocessing = 0;
		};
		652B07761FEBFA7900C17874 /* Frameworks */ = {
			isa = PBXFrameworksBuildPhase;
			buildActionMask = 2147483647;
			files = (
			);
			runOnlyForDeploymentPostprocessing = 0;
		};
/* End PBXFrameworksBuildPhase section */

/* Begin PBXGroup section */
		652B075C1FEBFA7800C17874 = {
			isa = PBXGroup;
			children = (
				652B078D1FEBFAFD00C17874 /* LICENSE */,
				652B07881FEBFA8400C17874 /* README.md */,
				652B07901FEC123500C17874 /* Source */,
				652B07671FEBFA7800C17874 /* Example */,
				652B077C1FEBFA7900C17874 /* ExampleTests */,
				652B07661FEBFA7800C17874 /* Products */,
			);
			sourceTree = "<group>";
		};
		652B07661FEBFA7800C17874 /* Products */ = {
			isa = PBXGroup;
			children = (
				652B07651FEBFA7800C17874 /* Example.app */,
				652B07791FEBFA7900C17874 /* ExampleTests.xctest */,
			);
			name = Products;
			sourceTree = "<group>";
		};
		652B07671FEBFA7800C17874 /* Example */ = {
			isa = PBXGroup;
			children = (
				652B07681FEBFA7800C17874 /* AppDelegate.swift */,
				652B076A1FEBFA7800C17874 /* ViewController.swift */,
				652B076C1FEBFA7800C17874 /* Main.storyboard */,
				652B076F1FEBFA7800C17874 /* Assets.xcassets */,
				652B07711FEBFA7800C17874 /* LaunchScreen.storyboard */,
				652B07741FEBFA7800C17874 /* Info.plist */,
			);
			path = Example;
			sourceTree = "<group>";
		};
		652B077C1FEBFA7900C17874 /* ExampleTests */ = {
			isa = PBXGroup;
			children = (
				652B077D1FEBFA7900C17874 /* ExampleTests.swift */,
				652B077F1FEBFA7900C17874 /* Info.plist */,
			);
			path = ExampleTests;
			sourceTree = "<group>";
		};
		652B07901FEC123500C17874 /* Source */ = {
			isa = PBXGroup;
			children = (
				652B07911FEC123500C17874 /* Lazy.swift */,
			);
			name = Source;
			path = ../Source;
			sourceTree = "<group>";
		};
/* End PBXGroup section */

/* Begin PBXNativeTarget section */
		652B07641FEBFA7800C17874 /* Example */ = {
			isa = PBXNativeTarget;
			buildConfigurationList = 652B07821FEBFA7900C17874 /* Build configuration list for PBXNativeTarget "Example" */;
			buildPhases = (
				652B07611FEBFA7800C17874 /* Sources */,
				652B07621FEBFA7800C17874 /* Frameworks */,
				652B07631FEBFA7800C17874 /* Resources */,
			);
			buildRules = (
			);
			dependencies = (
			);
			name = Example;
			productName = Example;
			productReference = 652B07651FEBFA7800C17874 /* Example.app */;
			productType = "com.apple.product-type.application";
		};
		652B07781FEBFA7900C17874 /* ExampleTests */ = {
			isa = PBXNativeTarget;
			buildConfigurationList = 652B07851FEBFA7900C17874 /* Build configuration list for PBXNativeTarget "ExampleTests" */;
			buildPhases = (
				652B07751FEBFA7900C17874 /* Sources */,
				652B07761FEBFA7900C17874 /* Frameworks */,
				652B07771FEBFA7900C17874 /* Resources */,
			);
			buildRules = (
			);
			dependencies = (
				652B077B1FEBFA7900C17874 /* PBXTargetDependency */,
			);
			name = ExampleTests;
			productName = ExampleTests;
			productReference = 652B07791FEBFA7900C17874 /* ExampleTests.xctest */;
			productType = "com.apple.product-type.bundle.unit-test";
		};
/* End PBXNativeTarget section */

/* Begin PBXProject section */
		652B075D1FEBFA7800C17874 /* Project object */ = {
			isa = PBXProject;
			attributes = {
				LastSwiftUpdateCheck = 0920;
				LastUpgradeCheck = 0920;
				ORGANIZATIONNAME = "Bell App Lab";
				TargetAttributes = {
					652B07641FEBFA7800C17874 = {
						CreatedOnToolsVersion = 9.2;
						ProvisioningStyle = Automatic;
					};
					652B07781FEBFA7900C17874 = {
						CreatedOnToolsVersion = 9.2;
						ProvisioningStyle = Automatic;
						TestTargetID = 652B07641FEBFA7800C17874;
					};
				};
			};
			buildConfigurationList = 652B07601FEBFA7800C17874 /* Build configuration list for PBXProject "Example" */;
			compatibilityVersion = "Xcode 8.0";
			developmentRegion = en;
			hasScannedForEncodings = 0;
			knownRegions = (
				en,
				Base,
			);
			mainGroup = 652B075C1FEBFA7800C17874;
			productRefGroup = 652B07661FEBFA7800C17874 /* Products */;
			projectDirPath = "";
			projectRoot = "";
			targets = (
				652B07641FEBFA7800C17874 /* Example */,
				652B07781FEBFA7900C17874 /* ExampleTests */,
			);
		};
/* End PBXProject section */

/* Begin PBXResourcesBuildPhase section */
		652B07631FEBFA7800C17874 /* Resources */ = {
			isa = PBXResourcesBuildPhase;
			buildActionMask = 2147483647;
			files = (
				652B07731FEBFA7800C17874 /* LaunchScreen.storyboard in Resources */,
				652B07701FEBFA7800C17874 /* Assets.xcassets in Resources */,
				652B076E1FEBFA7800C17874 /* Main.storyboard in Resources */,
			);
			runOnlyForDeploymentPostprocessing = 0;
		};
		652B07771FEBFA7900C17874 /* Resources */ = {
			isa = PBXResourcesBuildPhase;
			buildActionMask = 2147483647;
			files = (
			);
			runOnlyForDeploymentPostprocessing = 0;
		};
/* End PBXResourcesBuildPhase section */

/* Begin PBXSourcesBuildPhase section */
		652B07611FEBFA7800C17874 /* Sources */ = {
			isa = PBXSourcesBuildPhase;
			buildActionMask = 2147483647;
			files = (
				652B076B1FEBFA7800C17874 /* ViewController.swift in Sources */,
				652B07921FEC123500C17874 /* Lazy.swift in Sources */,
				652B07691FEBFA7800C17874 /* AppDelegate.swift in Sources */,
			);
			runOnlyForDeploymentPostprocessing = 0;
		};
		652B07751FEBFA7900C17874 /* Sources */ = {
			isa = PBXSourcesBuildPhase;
			buildActionMask = 2147483647;
			files = (
				652B077E1FEBFA7900C17874 /* ExampleTests.swift in Sources */,
			);
			runOnlyForDeploymentPostprocessing = 0;
		};
/* End PBXSourcesBuildPhase section */

/* Begin PBXTargetDependency section */
		652B077B1FEBFA7900C17874 /* PBXTargetDependency */ = {
			isa = PBXTargetDependency;
			target = 652B07641FEBFA7800C17874 /* Example */;
			targetProxy = 652B077A1FEBFA7900C17874 /* PBXContainerItemProxy */;
		};
/* End PBXTargetDependency section */

/* Begin PBXVariantGroup section */
		652B076C1FEBFA7800C17874 /* Main.storyboard */ = {
			isa = PBXVariantGroup;
			children = (
				652B076D1FEBFA7800C17874 /* Base */,
			);
			name = Main.storyboard;
			sourceTree = "<group>";
		};
		652B07711FEBFA7800C17874 /* LaunchScreen.storyboard */ = {
			isa = PBXVariantGroup;
			children = (
				652B07721FEBFA7800C17874 /* Base */,
			);
			name = LaunchScreen.storyboard;
			sourceTree = "<group>";
		};
/* End PBXVariantGroup section */

/* Begin XCBuildConfiguration section */
		652B07801FEBFA7900C17874 /* Debug */ = {
			isa = XCBuildConfiguration;
			buildSettings = {
				ALWAYS_SEARCH_USER_PATHS = NO;
				CLANG_ANALYZER_NONNULL = YES;
				CLANG_ANALYZER_NUMBER_OBJECT_CONVERSION = YES_AGGRESSIVE;
				CLANG_CXX_LANGUAGE_STANDARD = "gnu++14";
				CLANG_CXX_LIBRARY = "libc++";
				CLANG_ENABLE_MODULES = YES;
				CLANG_ENABLE_OBJC_ARC = YES;
				CLANG_WARN_BLOCK_CAPTURE_AUTORELEASING = YES;
				CLANG_WARN_BOOL_CONVERSION = YES;
				CLANG_WARN_COMMA = YES;
				CLANG_WARN_CONSTANT_CONVERSION = YES;
				CLANG_WARN_DIRECT_OBJC_ISA_USAGE = YES_ERROR;
				CLANG_WARN_DOCUMENTATION_COMMENTS = YES;
				CLANG_WARN_EMPTY_BODY = YES;
				CLANG_WARN_ENUM_CONVERSION = YES;
				CLANG_WARN_INFINITE_RECURSION = YES;
				CLANG_WARN_INT_CONVERSION = YES;
				CLANG_WARN_NON_LITERAL_NULL_CONVERSION = YES;
				CLANG_WARN_OBJC_LITERAL_CONVERSION = YES;
				CLANG_WARN_OBJC_ROOT_CLASS = YES_ERROR;
				CLANG_WARN_RANGE_LOOP_ANALYSIS = YES;
				CLANG_WARN_STRICT_PROTOTYPES = YES;
				CLANG_WARN_SUSPICIOUS_MOVE = YES;
				CLANG_WARN_UNGUARDED_AVAILABILITY = YES_AGGRESSIVE;
				CLANG_WARN_UNREACHABLE_CODE = YES;
				CLANG_WARN__DUPLICATE_METHOD_MATCH = YES;
				CODE_SIGN_IDENTITY = "iPhone Developer";
				COPY_PHASE_STRIP = NO;
				DEBUG_INFORMATION_FORMAT = dwarf;
				ENABLE_STRICT_OBJC_MSGSEND = YES;
				ENABLE_TESTABILITY = YES;
				GCC_C_LANGUAGE_STANDARD = gnu11;
				GCC_DYNAMIC_NO_PIC = NO;
				GCC_NO_COMMON_BLOCKS = YES;
				GCC_OPTIMIZATION_LEVEL = 0;
				GCC_PREPROCESSOR_DEFINITIONS = (
					"DEBUG=1",
					"$(inherited)",
				);
				GCC_WARN_64_TO_32_BIT_CONVERSION = YES;
				GCC_WARN_ABOUT_RETURN_TYPE = YES_ERROR;
				GCC_WARN_UNDECLARED_SELECTOR = YES;
				GCC_WARN_UNINITIALIZED_AUTOS = YES_AGGRESSIVE;
				GCC_WARN_UNUSED_FUNCTION = YES;
				GCC_WARN_UNUSED_VARIABLE = YES;
				IPHONEOS_DEPLOYMENT_TARGET = 11.2;
				MTL_ENABLE_DEBUG_INFO = YES;
				ONLY_ACTIVE_ARCH = YES;
				SDKROOT = iphoneos;
				SWIFT_ACTIVE_COMPILATION_CONDITIONS = DEBUG;
				SWIFT_OPTIMIZATION_LEVEL = "-Onone";
			};
			name = Debug;
		};
		652B07811FEBFA7900C17874 /* Release */ = {
			isa = XCBuildConfiguration;
			buildSettings = {
				ALWAYS_SEARCH_USER_PATHS = NO;
				CLANG_ANALYZER_NONNULL = YES;
				CLANG_ANALYZER_NUMBER_OBJECT_CONVERSION = YES_AGGRESSIVE;
				CLANG_CXX_LANGUAGE_STANDARD = "gnu++14";
				CLANG_CXX_LIBRARY = "libc++";
				CLANG_ENABLE_MODULES = YES;
				CLANG_ENABLE_OBJC_ARC = YES;
				CLANG_WARN_BLOCK_CAPTURE_AUTORELEASING = YES;
				CLANG_WARN_BOOL_CONVERSION = YES;
				CLANG_WARN_COMMA = YES;
				CLANG_WARN_CONSTANT_CONVERSION = YES;
				CLANG_WARN_DIRECT_OBJC_ISA_USAGE = YES_ERROR;
				CLANG_WARN_DOCUMENTATION_COMMENTS = YES;
				CLANG_WARN_EMPTY_BODY = YES;
				CLANG_WARN_ENUM_CONVERSION = YES;
				CLANG_WARN_INFINITE_RECURSION = YES;
				CLANG_WARN_INT_CONVERSION = YES;
				CLANG_WARN_NON_LITERAL_NULL_CONVERSION = YES;
				CLANG_WARN_OBJC_LITERAL_CONVERSION = YES;
				CLANG_WARN_OBJC_ROOT_CLASS = YES_ERROR;
				CLANG_WARN_RANGE_LOOP_ANALYSIS = YES;
				CLANG_WARN_STRICT_PROTOTYPES = YES;
				CLANG_WARN_SUSPICIOUS_MOVE = YES;
				CLANG_WARN_UNGUARDED_AVAILABILITY = YES_AGGRESSIVE;
				CLANG_WARN_UNREACHABLE_CODE = YES;
				CLANG_WARN__DUPLICATE_METHOD_MATCH = YES;
				CODE_SIGN_IDENTITY = "iPhone Developer";
				COPY_PHASE_STRIP = NO;
				DEBUG_INFORMATION_FORMAT = "dwarf-with-dsym";
				ENABLE_NS_ASSERTIONS = NO;
				ENABLE_STRICT_OBJC_MSGSEND = YES;
				GCC_C_LANGUAGE_STANDARD = gnu11;
				GCC_NO_COMMON_BLOCKS = YES;
				GCC_WARN_64_TO_32_BIT_CONVERSION = YES;
				GCC_WARN_ABOUT_RETURN_TYPE = YES_ERROR;
				GCC_WARN_UNDECLARED_SELECTOR = YES;
				GCC_WARN_UNINITIALIZED_AUTOS = YES_AGGRESSIVE;
				GCC_WARN_UNUSED_FUNCTION = YES;
				GCC_WARN_UNUSED_VARIABLE = YES;
				IPHONEOS_DEPLOYMENT_TARGET = 11.2;
				MTL_ENABLE_DEBUG_INFO = NO;
				SDKROOT = iphoneos;
				SWIFT_OPTIMIZATION_LEVEL = "-Owholemodule";
				VALIDATE_PRODUCT = YES;
			};
			name = Release;
		};
		652B07831FEBFA7900C17874 /* Debug */ = {
			isa = XCBuildConfiguration;
			buildSettings = {
				ASSETCATALOG_COMPILER_APPICON_NAME = AppIcon;
				CODE_SIGN_STYLE = Automatic;
				DEVELOPMENT_TEAM = XY7HUX42SH;
				INFOPLIST_FILE = Example/Info.plist;
				LD_RUNPATH_SEARCH_PATHS = "$(inherited) @executable_path/Frameworks";
				PRODUCT_BUNDLE_IDENTIFIER = com.bellapplab.Example;
				PRODUCT_NAME = "$(TARGET_NAME)";
				SWIFT_VERSION = 4.0;
				TARGETED_DEVICE_FAMILY = "1,2";
			};
			name = Debug;
		};
		652B07841FEBFA7900C17874 /* Release */ = {
			isa = XCBuildConfiguration;
			buildSettings = {
				ASSETCATALOG_COMPILER_APPICON_NAME = AppIcon;
				CODE_SIGN_STYLE = Automatic;
				DEVELOPMENT_TEAM = XY7HUX42SH;
				INFOPLIST_FILE = Example/Info.plist;
				LD_RUNPATH_SEARCH_PATHS = "$(inherited) @executable_path/Frameworks";
				PRODUCT_BUNDLE_IDENTIFIER = com.bellapplab.Example;
				PRODUCT_NAME = "$(TARGET_NAME)";
				SWIFT_VERSION = 4.0;
				TARGETED_DEVICE_FAMILY = "1,2";
			};
			name = Release;
		};
		652B07861FEBFA7900C17874 /* Debug */ = {
			isa = XCBuildConfiguration;
			buildSettings = {
				ALWAYS_EMBED_SWIFT_STANDARD_LIBRARIES = YES;
				BUNDLE_LOADER = "$(TEST_HOST)";
				CODE_SIGN_STYLE = Automatic;
				DEVELOPMENT_TEAM = XY7HUX42SH;
				INFOPLIST_FILE = ExampleTests/Info.plist;
				LD_RUNPATH_SEARCH_PATHS = "$(inherited) @executable_path/Frameworks @loader_path/Frameworks";
				PRODUCT_BUNDLE_IDENTIFIER = com.bellapplab.ExampleTests;
				PRODUCT_NAME = "$(TARGET_NAME)";
				SWIFT_VERSION = 4.0;
				TARGETED_DEVICE_FAMILY = "1,2";
				TEST_HOST = "$(BUILT_PRODUCTS_DIR)/Example.app/Example";
			};
			name = Debug;
		};
		652B07871FEBFA7900C17874 /* Release */ = {
			isa = XCBuildConfiguration;
			buildSettings = {
				ALWAYS_EMBED_SWIFT_STANDARD_LIBRARIES = YES;
				BUNDLE_LOADER = "$(TEST_HOST)";
				CODE_SIGN_STYLE = Automatic;
				DEVELOPMENT_TEAM = XY7HUX42SH;
				INFOPLIST_FILE = ExampleTests/Info.plist;
				LD_RUNPATH_SEARCH_PATHS = "$(inherited) @executable_path/Frameworks @loader_path/Frameworks";
				PRODUCT_BUNDLE_IDENTIFIER = com.bellapplab.ExampleTests;
				PRODUCT_NAME = "$(TARGET_NAME)";
				SWIFT_VERSION = 4.0;
				TARGETED_DEVICE_FAMILY = "1,2";
				TEST_HOST = "$(BUILT_PRODUCTS_DIR)/Example.app/Example";
			};
			name = Release;
		};
/* End XCBuildConfiguration section */

/* Begin XCConfigurationList section */
		652B07601FEBFA7800C17874 /* Build configuration list for PBXProject "Example" */ = {
			isa = XCConfigurationList;
			buildConfigurations = (
				652B07801FEBFA7900C17874 /* Debug */,
				652B07811FEBFA7900C17874 /* Release */,
			);
			defaultConfigurationIsVisible = 0;
			defaultConfigurationName = Release;
		};
		652B07821FEBFA7900C17874 /* Build configuration list for PBXNativeTarget "Example" */ = {
			isa = XCConfigurationList;
			buildConfigurations = (
				652B07831FEBFA7900C17874 /* Debug */,
				652B07841FEBFA7900C17874 /* Release */,
			);
			defaultConfigurationIsVisible = 0;
			defaultConfigurationName = Release;
		};
		652B07851FEBFA7900C17874 /* Build configuration list for PBXNativeTarget "ExampleTests" */ = {
			isa = XCConfigurationList;
			buildConfigurations = (
				652B07861FEBFA7900C17874 /* Debug */,
				652B07871FEBFA7900C17874 /* Release */,
			);
			defaultConfigurationIsVisible = 0;
			defaultConfigurationName = Release;
		};
/* End XCConfigurationList section */
	};
	rootObject = 652B075D1FEBFA7800C17874 /* Project object */;
}
